// !$*UTF8*$!
{
	archiveVersion = 1;
	classes = {
	};
	objectVersion = 50;
	objects = {

/* Begin PBXBuildFile section */
		8132FAD221272F66000CA227 /* WeightTabViewController.swift in Sources */ = {isa = PBXBuildFile; fileRef = 8132FAD121272F66000CA227 /* WeightTabViewController.swift */; };
		8132FAD421272F84000CA227 /* TemperatureTabViewController.swift in Sources */ = {isa = PBXBuildFile; fileRef = 8132FAD321272F84000CA227 /* TemperatureTabViewController.swift */; };
		8132FAD621272F97000CA227 /* DistanceTabViewController.swift in Sources */ = {isa = PBXBuildFile; fileRef = 8132FAD521272F97000CA227 /* DistanceTabViewController.swift */; };
		8132FAD821272FA2000CA227 /* SpeedTabViewController.swift in Sources */ = {isa = PBXBuildFile; fileRef = 8132FAD721272FA2000CA227 /* SpeedTabViewController.swift */; };
		81FFA83621248D3800E1380E /* AppDelegate.swift in Sources */ = {isa = PBXBuildFile; fileRef = 81FFA83521248D3800E1380E /* AppDelegate.swift */; };
		81FFA83B21248D3800E1380E /* Main.storyboard in Resources */ = {isa = PBXBuildFile; fileRef = 81FFA83921248D3800E1380E /* Main.storyboard */; };
		81FFA83D21248D3900E1380E /* Assets.xcassets in Resources */ = {isa = PBXBuildFile; fileRef = 81FFA83C21248D3900E1380E /* Assets.xcassets */; };
		81FFA84021248D3900E1380E /* LaunchScreen.storyboard in Resources */ = {isa = PBXBuildFile; fileRef = 81FFA83E21248D3900E1380E /* LaunchScreen.storyboard */; };
/* End PBXBuildFile section */

/* Begin PBXFileReference section */
		8132FAD121272F66000CA227 /* WeightTabViewController.swift */ = {isa = PBXFileReference; lastKnownFileType = sourcecode.swift; path = WeightTabViewController.swift; sourceTree = "<group>"; };
		8132FAD321272F84000CA227 /* TemperatureTabViewController.swift */ = {isa = PBXFileReference; lastKnownFileType = sourcecode.swift; path = TemperatureTabViewController.swift; sourceTree = "<group>"; };
		8132FAD521272F97000CA227 /* DistanceTabViewController.swift */ = {isa = PBXFileReference; lastKnownFileType = sourcecode.swift; path = DistanceTabViewController.swift; sourceTree = "<group>"; };
		8132FAD721272FA2000CA227 /* SpeedTabViewController.swift */ = {isa = PBXFileReference; lastKnownFileType = sourcecode.swift; path = SpeedTabViewController.swift; sourceTree = "<group>"; };
		81FFA83221248D3800E1380E /* UintConverter.app */ = {isa = PBXFileReference; explicitFileType = wrapper.application; includeInIndex = 0; path = UintConverter.app; sourceTree = BUILT_PRODUCTS_DIR; };
		81FFA83521248D3800E1380E /* AppDelegate.swift */ = {isa = PBXFileReference; lastKnownFileType = sourcecode.swift; path = AppDelegate.swift; sourceTree = "<group>"; };
		81FFA83A21248D3800E1380E /* Base */ = {isa = PBXFileReference; lastKnownFileType = file.storyboard; name = Base; path = Base.lproj/Main.storyboard; sourceTree = "<group>"; };
		81FFA83C21248D3900E1380E /* Assets.xcassets */ = {isa = PBXFileReference; lastKnownFileType = folder.assetcatalog; path = Assets.xcassets; sourceTree = "<group>"; };
		81FFA83F21248D3900E1380E /* Base */ = {isa = PBXFileReference; lastKnownFileType = file.storyboard; name = Base; path = Base.lproj/LaunchScreen.storyboard; sourceTree = "<group>"; };
		81FFA84121248D3900E1380E /* Info.plist */ = {isa = PBXFileReference; lastKnownFileType = text.plist.xml; path = Info.plist; sourceTree = "<group>"; };
/* End PBXFileReference section */

/* Begin PBXFrameworksBuildPhase section */
		81FFA82F21248D3800E1380E /* Frameworks */ = {
			isa = PBXFrameworksBuildPhase;
			buildActionMask = 2147483647;
			files = (
			);
			runOnlyForDeploymentPostprocessing = 0;
		};
/* End PBXFrameworksBuildPhase section */

/* Begin PBXGroup section */
		81FFA82921248D3800E1380E = {
			isa = PBXGroup;
			children = (
				81FFA83421248D3800E1380E /* UintConverter */,
				81FFA83321248D3800E1380E /* Products */,
			);
			sourceTree = "<group>";
		};
		81FFA83321248D3800E1380E /* Products */ = {
			isa = PBXGroup;
			children = (
				81FFA83221248D3800E1380E /* UintConverter.app */,
			);
			name = Products;
			sourceTree = "<group>";
		};
		81FFA83421248D3800E1380E /* UintConverter */ = {
			isa = PBXGroup;
			children = (
				81FFA83521248D3800E1380E /* AppDelegate.swift */,
				81FFA83921248D3800E1380E /* Main.storyboard */,
				81FFA83C21248D3900E1380E /* Assets.xcassets */,
				81FFA83E21248D3900E1380E /* LaunchScreen.storyboard */,
				81FFA84121248D3900E1380E /* Info.plist */,
				8132FAD121272F66000CA227 /* WeightTabViewController.swift */,
				8132FAD321272F84000CA227 /* TemperatureTabViewController.swift */,
				8132FAD521272F97000CA227 /* DistanceTabViewController.swift */,
				8132FAD721272FA2000CA227 /* SpeedTabViewController.swift */,
			);
			path = UintConverter;
			sourceTree = "<group>";
		};
/* End PBXGroup section */

/* Begin PBXNativeTarget section */
		81FFA83121248D3800E1380E /* UintConverter */ = {
			isa = PBXNativeTarget;
			buildConfigurationList = 81FFA84421248D3900E1380E /* Build configuration list for PBXNativeTarget "UintConverter" */;
			buildPhases = (
				81FFA82E21248D3800E1380E /* Sources */,
				81FFA82F21248D3800E1380E /* Frameworks */,
				81FFA83021248D3800E1380E /* Resources */,
			);
			buildRules = (
			);
			dependencies = (
			);
			name = UintConverter;
			productName = UintConverter;
			productReference = 81FFA83221248D3800E1380E /* UintConverter.app */;
			productType = "com.apple.product-type.application";
		};
/* End PBXNativeTarget section */

/* Begin PBXProject section */
		81FFA82A21248D3800E1380E /* Project object */ = {
			isa = PBXProject;
			attributes = {
				LastSwiftUpdateCheck = 0940;
				LastUpgradeCheck = 0940;
				ORGANIZATIONNAME = "Tharindu Perera";
				TargetAttributes = {
					81FFA83121248D3800E1380E = {
						CreatedOnToolsVersion = 9.4.1;
					};
				};
			};
			buildConfigurationList = 81FFA82D21248D3800E1380E /* Build configuration list for PBXProject "UintConverter" */;
			compatibilityVersion = "Xcode 9.3";
			developmentRegion = en;
			hasScannedForEncodings = 0;
			knownRegions = (
				en,
				Base,
			);
			mainGroup = 81FFA82921248D3800E1380E;
			productRefGroup = 81FFA83321248D3800E1380E /* Products */;
			projectDirPath = "";
			projectRoot = "";
			targets = (
				81FFA83121248D3800E1380E /* UintConverter */,
			);
		};
/* End PBXProject section */

/* Begin PBXResourcesBuildPhase section */
		81FFA83021248D3800E1380E /* Resources */ = {
			isa = PBXResourcesBuildPhase;
			buildActionMask = 2147483647;
			files = (
				81FFA84021248D3900E1380E /* LaunchScreen.storyboard in Resources */,
				81FFA83D21248D3900E1380E /* Assets.xcassets in Resources */,
				81FFA83B21248D3800E1380E /* Main.storyboard in Resources */,
			);
			runOnlyForDeploymentPostprocessing = 0;
		};
/* End PBXResourcesBuildPhase section */

/* Begin PBXSourcesBuildPhase section */
		81FFA82E21248D3800E1380E /* Sources */ = {
			isa = PBXSourcesBuildPhase;
			buildActionMask = 2147483647;
			files = (
				8132FAD221272F66000CA227 /* WeightTabViewController.swift in Sources */,
				8132FAD421272F84000CA227 /* TemperatureTabViewController.swift in Sources */,
				81FFA83621248D3800E1380E /* AppDelegate.swift in Sources */,
				8132FAD821272FA2000CA227 /* SpeedTabViewController.swift in Sources */,
				8132FAD621272F97000CA227 /* DistanceTabViewController.swift in Sources */,
			);
			runOnlyForDeploymentPostprocessing = 0;
		};
/* End PBXSourcesBuildPhase section */

/* Begin PBXVariantGroup section */
		81FFA83921248D3800E1380E /* Main.storyboard */ = {
			isa = PBXVariantGroup;
			children = (
				81FFA83A21248D3800E1380E /* Base */,
			);
			name = Main.storyboard;
			sourceTree = "<group>";
		};
		81FFA83E21248D3900E1380E /* LaunchScreen.storyboard */ = {
			isa = PBXVariantGroup;
			children = (
				81FFA83F21248D3900E1380E /* Base */,
			);
			name = LaunchScreen.storyboard;
			sourceTree = "<group>";
		};
/* End PBXVariantGroup section */

/* Begin XCBuildConfiguration section */
		81FFA84221248D3900E1380E /* Debug */ = {
			isa = XCBuildConfiguration;
			buildSettings = {
				ALWAYS_SEARCH_USER_PATHS = NO;
				CLANG_ANALYZER_NONNULL = YES;
				CLANG_ANALYZER_NUMBER_OBJECT_CONVERSION = YES_AGGRESSIVE;
				CLANG_CXX_LANGUAGE_STANDARD = "gnu++14";
				CLANG_CXX_LIBRARY = "libc++";
				CLANG_ENABLE_MODULES = YES;
				CLANG_ENABLE_OBJC_ARC = YES;
				CLANG_ENABLE_OBJC_WEAK = YES;
				CLANG_WARN_BLOCK_CAPTURE_AUTORELEASING = YES;
				CLANG_WARN_BOOL_CONVERSION = YES;
				CLANG_WARN_COMMA = YES;
				CLANG_WARN_CONSTANT_CONVERSION = YES;
				CLANG_WARN_DEPRECATED_OBJC_IMPLEMENTATIONS = YES;
				CLANG_WARN_DIRECT_OBJC_ISA_USAGE = YES_ERROR;
				CLANG_WARN_DOCUMENTATION_COMMENTS = YES;
				CLANG_WARN_EMPTY_BODY = YES;
				CLANG_WARN_ENUM_CONVERSION = YES;
				CLANG_WARN_INFINITE_RECURSION = YES;
				CLANG_WARN_INT_CONVERSION = YES;
				CLANG_WARN_NON_LITERAL_NULL_CONVERSION = YES;
				CLANG_WARN_OBJC_IMPLICIT_RETAIN_SELF = YES;
				CLANG_WARN_OBJC_LITERAL_CONVERSION = YES;
				CLANG_WARN_OBJC_ROOT_CLASS = YES_ERROR;
				CLANG_WARN_RANGE_LOOP_ANALYSIS = YES;
				CLANG_WARN_STRICT_PROTOTYPES = YES;
				CLANG_WARN_SUSPICIOUS_MOVE = YES;
				CLANG_WARN_UNGUARDED_AVAILABILITY = YES_AGGRESSIVE;
				CLANG_WARN_UNREACHABLE_CODE = YES;
				CLANG_WARN__DUPLICATE_METHOD_MATCH = YES;
				CODE_SIGN_IDENTITY = "iPhone Developer";
				COPY_PHASE_STRIP = NO;
				DEBUG_INFORMATION_FORMAT = dwarf;
				ENABLE_STRICT_OBJC_MSGSEND = YES;
				ENABLE_TESTABILITY = YES;
				GCC_C_LANGUAGE_STANDARD = gnu11;
				GCC_DYNAMIC_NO_PIC = NO;
				GCC_NO_COMMON_BLOCKS = YES;
				GCC_OPTIMIZATION_LEVEL = 0;
				GCC_PREPROCESSOR_DEFINITIONS = (
					"DEBUG=1",
					"$(inherited)",
				);
				GCC_WARN_64_TO_32_BIT_CONVERSION = YES;
				GCC_WARN_ABOUT_RETURN_TYPE = YES_ERROR;
				GCC_WARN_UNDECLARED_SELECTOR = YES;
				GCC_WARN_UNINITIALIZED_AUTOS = YES_AGGRESSIVE;
				GCC_WARN_UNUSED_FUNCTION = YES;
				GCC_WARN_UNUSED_VARIABLE = YES;
				IPHONEOS_DEPLOYMENT_TARGET = 11.4;
				MTL_ENABLE_DEBUG_INFO = YES;
				ONLY_ACTIVE_ARCH = YES;
				SDKROOT = iphoneos;
				SWIFT_ACTIVE_COMPILATION_CONDITIONS = DEBUG;
				SWIFT_OPTIMIZATION_LEVEL = "-Onone";
			};
			name = Debug;
		};
		81FFA84321248D3900E1380E /* Release */ = {
			isa = XCBuildConfiguration;
			buildSettings = {
				ALWAYS_SEARCH_USER_PATHS = NO;
				CLANG_ANALYZER_NONNULL = YES;
				CLANG_ANALYZER_NUMBER_OBJECT_CONVERSION = YES_AGGRESSIVE;
				CLANG_CXX_LANGUAGE_STANDARD = "gnu++14";
				CLANG_CXX_LIBRARY = "libc++";
				CLANG_ENABLE_MODULES = YES;
				CLANG_ENABLE_OBJC_ARC = YES;
				CLANG_ENABLE_OBJC_WEAK = YES;
				CLANG_WARN_BLOCK_CAPTURE_AUTORELEASING = YES;
				CLANG_WARN_BOOL_CONVERSION = YES;
				CLANG_WARN_COMMA = YES;
				CLANG_WARN_CONSTANT_CONVERSION = YES;
				CLANG_WARN_DEPRECATED_OBJC_IMPLEMENTATIONS = YES;
				CLANG_WARN_DIRECT_OBJC_ISA_USAGE = YES_ERROR;
				CLANG_WARN_DOCUMENTATION_COMMENTS = YES;
				CLANG_WARN_EMPTY_BODY = YES;
				CLANG_WARN_ENUM_CONVERSION = YES;
				CLANG_WARN_INFINITE_RECURSION = YES;
				CLANG_WARN_INT_CONVERSION = YES;
				CLANG_WARN_NON_LITERAL_NULL_CONVERSION = YES;
				CLANG_WARN_OBJC_IMPLICIT_RETAIN_SELF = YES;
				CLANG_WARN_OBJC_LITERAL_CONVERSION = YES;
				CLANG_WARN_OBJC_ROOT_CLASS = YES_ERROR;
				CLANG_WARN_RANGE_LOOP_ANALYSIS = YES;
				CLANG_WARN_STRICT_PROTOTYPES = YES;
				CLANG_WARN_SUSPICIOUS_MOVE = YES;
				CLANG_WARN_UNGUARDED_AVAILABILITY = YES_AGGRESSIVE;
				CLANG_WARN_UNREACHABLE_CODE = YES;
				CLANG_WARN__DUPLICATE_METHOD_MATCH = YES;
				CODE_SIGN_IDENTITY = "iPhone Developer";
				COPY_PHASE_STRIP = NO;
				DEBUG_INFORMATION_FORMAT = "dwarf-with-dsym";
				ENABLE_NS_ASSERTIONS = NO;
				ENABLE_STRICT_OBJC_MSGSEND = YES;
				GCC_C_LANGUAGE_STANDARD = gnu11;
				GCC_NO_COMMON_BLOCKS = YES;
				GCC_WARN_64_TO_32_BIT_CONVERSION = YES;
				GCC_WARN_ABOUT_RETURN_TYPE = YES_ERROR;
				GCC_WARN_UNDECLARED_SELECTOR = YES;
				GCC_WARN_UNINITIALIZED_AUTOS = YES_AGGRESSIVE;
				GCC_WARN_UNUSED_FUNCTION = YES;
				GCC_WARN_UNUSED_VARIABLE = YES;
				IPHONEOS_DEPLOYMENT_TARGET = 11.4;
				MTL_ENABLE_DEBUG_INFO = NO;
				SDKROOT = iphoneos;
				SWIFT_COMPILATION_MODE = wholemodule;
				SWIFT_OPTIMIZATION_LEVEL = "-O";
				VALIDATE_PRODUCT = YES;
			};
			name = Release;
		};
		81FFA84521248D3900E1380E /* Debug */ = {
			isa = XCBuildConfiguration;
			buildSettings = {
				ASSETCATALOG_COMPILER_APPICON_NAME = AppIcon;
				CODE_SIGN_STYLE = Automatic;
				INFOPLIST_FILE = UintConverter/Info.plist;
				IPHONEOS_DEPLOYMENT_TARGET = 11.0;
				LD_RUNPATH_SEARCH_PATHS = (
					"$(inherited)",
					"@executable_path/Frameworks",
				);
				PRODUCT_BUNDLE_IDENTIFIER = com.tharindu.UintConverter;
				PRODUCT_NAME = "$(TARGET_NAME)";
				SWIFT_VERSION = 4.0;
				TARGETED_DEVICE_FAMILY = 1;
			};
			name = Debug;
		};
		81FFA84621248D3900E1380E /* Release */ = {
			isa = XCBuildConfiguration;
			buildSettings = {
				ASSETCATALOG_COMPILER_APPICON_NAME = AppIcon;
				CODE_SIGN_STYLE = Automatic;
				INFOPLIST_FILE = UintConverter/Info.plist;
				IPHONEOS_DEPLOYMENT_TARGET = 11.0;
				LD_RUNPATH_SEARCH_PATHS = (
					"$(inherited)",
					"@executable_path/Frameworks",
				);
				PRODUCT_BUNDLE_IDENTIFIER = com.tharindu.UintConverter;
				PRODUCT_NAME = "$(TARGET_NAME)";
				SWIFT_VERSION = 4.0;
				TARGETED_DEVICE_FAMILY = 1;
			};
			name = Release;
		};
/* End XCBuildConfiguration section */

/* Begin XCConfigurationList section */
		81FFA82D21248D3800E1380E /* Build configuration list for PBXProject "UintConverter" */ = {
			isa = XCConfigurationList;
			buildConfigurations = (
				81FFA84221248D3900E1380E /* Debug */,
				81FFA84321248D3900E1380E /* Release */,
			);
			defaultConfigurationIsVisible = 0;
			defaultConfigurationName = Release;
		};
		81FFA84421248D3900E1380E /* Build configuration list for PBXNativeTarget "UintConverter" */ = {
			isa = XCConfigurationList;
			buildConfigurations = (
				81FFA84521248D3900E1380E /* Debug */,
				81FFA84621248D3900E1380E /* Release */,
			);
			defaultConfigurationIsVisible = 0;
			defaultConfigurationName = Release;
		};
/* End XCConfigurationList section */
	};
	rootObject = 81FFA82A21248D3800E1380E /* Project object */;
}
